// !$*UTF8*$!
{
	archiveVersion = 1;
	classes = {
	};
	objectVersion = 50;
	objects = {

/* Begin PBXBuildFile section */
		BE7D4B16238EC66E00048DB8 /* AppDelegate.swift in Sources */ = {isa = PBXBuildFile; fileRef = BE7D4B15238EC66E00048DB8 /* AppDelegate.swift */; };
		BE7D4B18238EC66E00048DB8 /* ViewController.swift in Sources */ = {isa = PBXBuildFile; fileRef = BE7D4B17238EC66E00048DB8 /* ViewController.swift */; };
		BE7D4B1B238EC66E00048DB8 /* Main.storyboard in Resources */ = {isa = PBXBuildFile; fileRef = BE7D4B19238EC66E00048DB8 /* Main.storyboard */; };
		BE7D4B1D238EC66F00048DB8 /* Assets.xcassets in Resources */ = {isa = PBXBuildFile; fileRef = BE7D4B1C238EC66F00048DB8 /* Assets.xcassets */; };
		BE7D4B20238EC66F00048DB8 /* LaunchScreen.storyboard in Resources */ = {isa = PBXBuildFile; fileRef = BE7D4B1E238EC66F00048DB8 /* LaunchScreen.storyboard */; };
		BE7D4B2B238EC67000048DB8 /* AlamofireDemoTests.swift in Sources */ = {isa = PBXBuildFile; fileRef = BE7D4B2A238EC67000048DB8 /* AlamofireDemoTests.swift */; };
		BE7D4B36238EC67000048DB8 /* AlamofireDemoUITests.swift in Sources */ = {isa = PBXBuildFile; fileRef = BE7D4B35238EC67000048DB8 /* AlamofireDemoUITests.swift */; };
/* End PBXBuildFile section */

/* Begin PBXContainerItemProxy section */
		BE7D4B27238EC67000048DB8 /* PBXContainerItemProxy */ = {
			isa = PBXContainerItemProxy;
			containerPortal = BE7D4B0A238EC66E00048DB8 /* Project object */;
			proxyType = 1;
			remoteGlobalIDString = BE7D4B11238EC66E00048DB8;
			remoteInfo = AlamofireDemo;
		};
		BE7D4B32238EC67000048DB8 /* PBXContainerItemProxy */ = {
			isa = PBXContainerItemProxy;
			containerPortal = BE7D4B0A238EC66E00048DB8 /* Project object */;
			proxyType = 1;
			remoteGlobalIDString = BE7D4B11238EC66E00048DB8;
			remoteInfo = AlamofireDemo;
		};
/* End PBXContainerItemProxy section */

/* Begin PBXFileReference section */
		BE7D4B12238EC66E00048DB8 /* AlamofireDemo.app */ = {isa = PBXFileReference; explicitFileType = wrapper.application; includeInIndex = 0; path = AlamofireDemo.app; sourceTree = BUILT_PRODUCTS_DIR; };
		BE7D4B15238EC66E00048DB8 /* AppDelegate.swift */ = {isa = PBXFileReference; lastKnownFileType = sourcecode.swift; path = AppDelegate.swift; sourceTree = "<group>"; };
		BE7D4B17238EC66E00048DB8 /* ViewController.swift */ = {isa = PBXFileReference; lastKnownFileType = sourcecode.swift; path = ViewController.swift; sourceTree = "<group>"; };
		BE7D4B1A238EC66E00048DB8 /* Base */ = {isa = PBXFileReference; lastKnownFileType = file.storyboard; name = Base; path = Base.lproj/Main.storyboard; sourceTree = "<group>"; };
		BE7D4B1C238EC66F00048DB8 /* Assets.xcassets */ = {isa = PBXFileReference; lastKnownFileType = folder.assetcatalog; path = Assets.xcassets; sourceTree = "<group>"; };
		BE7D4B1F238EC66F00048DB8 /* Base */ = {isa = PBXFileReference; lastKnownFileType = file.storyboard; name = Base; path = Base.lproj/LaunchScreen.storyboard; sourceTree = "<group>"; };
		BE7D4B21238EC66F00048DB8 /* Info.plist */ = {isa = PBXFileReference; lastKnownFileType = text.plist.xml; path = Info.plist; sourceTree = "<group>"; };
		BE7D4B26238EC67000048DB8 /* AlamofireDemoTests.xctest */ = {isa = PBXFileReference; explicitFileType = wrapper.cfbundle; includeInIndex = 0; path = AlamofireDemoTests.xctest; sourceTree = BUILT_PRODUCTS_DIR; };
		BE7D4B2A238EC67000048DB8 /* AlamofireDemoTests.swift */ = {isa = PBXFileReference; lastKnownFileType = sourcecode.swift; path = AlamofireDemoTests.swift; sourceTree = "<group>"; };
		BE7D4B2C238EC67000048DB8 /* Info.plist */ = {isa = PBXFileReference; lastKnownFileType = text.plist.xml; path = Info.plist; sourceTree = "<group>"; };
		BE7D4B31238EC67000048DB8 /* AlamofireDemoUITests.xctest */ = {isa = PBXFileReference; explicitFileType = wrapper.cfbundle; includeInIndex = 0; path = AlamofireDemoUITests.xctest; sourceTree = BUILT_PRODUCTS_DIR; };
		BE7D4B35238EC67000048DB8 /* AlamofireDemoUITests.swift */ = {isa = PBXFileReference; lastKnownFileType = sourcecode.swift; path = AlamofireDemoUITests.swift; sourceTree = "<group>"; };
		BE7D4B37238EC67000048DB8 /* Info.plist */ = {isa = PBXFileReference; lastKnownFileType = text.plist.xml; path = Info.plist; sourceTree = "<group>"; };
/* End PBXFileReference section */

/* Begin PBXFrameworksBuildPhase section */
		BE7D4B0F238EC66E00048DB8 /* Frameworks */ = {
			isa = PBXFrameworksBuildPhase;
			buildActionMask = 2147483647;
			files = (
			);
			runOnlyForDeploymentPostprocessing = 0;
		};
		BE7D4B23238EC67000048DB8 /* Frameworks */ = {
			isa = PBXFrameworksBuildPhase;
			buildActionMask = 2147483647;
			files = (
			);
			runOnlyForDeploymentPostprocessing = 0;
		};
		BE7D4B2E238EC67000048DB8 /* Frameworks */ = {
			isa = PBXFrameworksBuildPhase;
			buildActionMask = 2147483647;
			files = (
			);
			runOnlyForDeploymentPostprocessing = 0;
		};
/* End PBXFrameworksBuildPhase section */

/* Begin PBXGroup section */
		BE7D4B09238EC66E00048DB8 = {
			isa = PBXGroup;
			children = (
				BE7D4B14238EC66E00048DB8 /* AlamofireDemo */,
				BE7D4B29238EC67000048DB8 /* AlamofireDemoTests */,
				BE7D4B34238EC67000048DB8 /* AlamofireDemoUITests */,
				BE7D4B13238EC66E00048DB8 /* Products */,
			);
			sourceTree = "<group>";
		};
		BE7D4B13238EC66E00048DB8 /* Products */ = {
			isa = PBXGroup;
			children = (
				BE7D4B12238EC66E00048DB8 /* AlamofireDemo.app */,
				BE7D4B26238EC67000048DB8 /* AlamofireDemoTests.xctest */,
				BE7D4B31238EC67000048DB8 /* AlamofireDemoUITests.xctest */,
			);
			name = Products;
			sourceTree = "<group>";
		};
		BE7D4B14238EC66E00048DB8 /* AlamofireDemo */ = {
			isa = PBXGroup;
			children = (
				BE7D4B15238EC66E00048DB8 /* AppDelegate.swift */,
				BE7D4B17238EC66E00048DB8 /* ViewController.swift */,
				BE7D4B19238EC66E00048DB8 /* Main.storyboard */,
				BE7D4B1C238EC66F00048DB8 /* Assets.xcassets */,
				BE7D4B1E238EC66F00048DB8 /* LaunchScreen.storyboard */,
				BE7D4B21238EC66F00048DB8 /* Info.plist */,
			);
			path = AlamofireDemo;
			sourceTree = "<group>";
		};
		BE7D4B29238EC67000048DB8 /* AlamofireDemoTests */ = {
			isa = PBXGroup;
			children = (
				BE7D4B2A238EC67000048DB8 /* AlamofireDemoTests.swift */,
				BE7D4B2C238EC67000048DB8 /* Info.plist */,
			);
			path = AlamofireDemoTests;
			sourceTree = "<group>";
		};
		BE7D4B34238EC67000048DB8 /* AlamofireDemoUITests */ = {
			isa = PBXGroup;
			children = (
				BE7D4B35238EC67000048DB8 /* AlamofireDemoUITests.swift */,
				BE7D4B37238EC67000048DB8 /* Info.plist */,
			);
			path = AlamofireDemoUITests;
			sourceTree = "<group>";
		};
/* End PBXGroup section */

/* Begin PBXNativeTarget section */
		BE7D4B11238EC66E00048DB8 /* AlamofireDemo */ = {
			isa = PBXNativeTarget;
			buildConfigurationList = BE7D4B3A238EC67000048DB8 /* Build configuration list for PBXNativeTarget "AlamofireDemo" */;
			buildPhases = (
				BE7D4B0E238EC66E00048DB8 /* Sources */,
				BE7D4B0F238EC66E00048DB8 /* Frameworks */,
				BE7D4B10238EC66E00048DB8 /* Resources */,
			);
			buildRules = (
			);
			dependencies = (
			);
			name = AlamofireDemo;
			productName = AlamofireDemo;
			productReference = BE7D4B12238EC66E00048DB8 /* AlamofireDemo.app */;
			productType = "com.apple.product-type.application";
		};
		BE7D4B25238EC67000048DB8 /* AlamofireDemoTests */ = {
			isa = PBXNativeTarget;
			buildConfigurationList = BE7D4B3D238EC67000048DB8 /* Build configuration list for PBXNativeTarget "AlamofireDemoTests" */;
			buildPhases = (
				BE7D4B22238EC67000048DB8 /* Sources */,
				BE7D4B23238EC67000048DB8 /* Frameworks */,
				BE7D4B24238EC67000048DB8 /* Resources */,
			);
			buildRules = (
			);
			dependencies = (
				BE7D4B28238EC67000048DB8 /* PBXTargetDependency */,
			);
			name = AlamofireDemoTests;
			productName = AlamofireDemoTests;
			productReference = BE7D4B26238EC67000048DB8 /* AlamofireDemoTests.xctest */;
			productType = "com.apple.product-type.bundle.unit-test";
		};
		BE7D4B30238EC67000048DB8 /* AlamofireDemoUITests */ = {
			isa = PBXNativeTarget;
			buildConfigurationList = BE7D4B40238EC67000048DB8 /* Build configuration list for PBXNativeTarget "AlamofireDemoUITests" */;
			buildPhases = (
				BE7D4B2D238EC67000048DB8 /* Sources */,
				BE7D4B2E238EC67000048DB8 /* Frameworks */,
				BE7D4B2F238EC67000048DB8 /* Resources */,
			);
			buildRules = (
			);
			dependencies = (
				BE7D4B33238EC67000048DB8 /* PBXTargetDependency */,
			);
			name = AlamofireDemoUITests;
			productName = AlamofireDemoUITests;
			productReference = BE7D4B31238EC67000048DB8 /* AlamofireDemoUITests.xctest */;
			productType = "com.apple.product-type.bundle.ui-testing";
		};
/* End PBXNativeTarget section */

/* Begin PBXProject section */
		BE7D4B0A238EC66E00048DB8 /* Project object */ = {
			isa = PBXProject;
			attributes = {
				LastSwiftUpdateCheck = 1030;
				LastUpgradeCheck = 1030;
				ORGANIZATIONNAME = rshark;
				TargetAttributes = {
					BE7D4B11238EC66E00048DB8 = {
						CreatedOnToolsVersion = 10.3;
					};
					BE7D4B25238EC67000048DB8 = {
						CreatedOnToolsVersion = 10.3;
						TestTargetID = BE7D4B11238EC66E00048DB8;
					};
					BE7D4B30238EC67000048DB8 = {
						CreatedOnToolsVersion = 10.3;
						TestTargetID = BE7D4B11238EC66E00048DB8;
					};
				};
			};
			buildConfigurationList = BE7D4B0D238EC66E00048DB8 /* Build configuration list for PBXProject "AlamofireDemo" */;
			compatibilityVersion = "Xcode 9.3";
			developmentRegion = en;
			hasScannedForEncodings = 0;
			knownRegions = (
				en,
				Base,
			);
			mainGroup = BE7D4B09238EC66E00048DB8;
			productRefGroup = BE7D4B13238EC66E00048DB8 /* Products */;
			projectDirPath = "";
			projectRoot = "";
			targets = (
				BE7D4B11238EC66E00048DB8 /* AlamofireDemo */,
				BE7D4B25238EC67000048DB8 /* AlamofireDemoTests */,
				BE7D4B30238EC67000048DB8 /* AlamofireDemoUITests */,
			);
		};
/* End PBXProject section */

/* Begin PBXResourcesBuildPhase section */
		BE7D4B10238EC66E00048DB8 /* Resources */ = {
			isa = PBXResourcesBuildPhase;
			buildActionMask = 2147483647;
			files = (
				BE7D4B20238EC66F00048DB8 /* LaunchScreen.storyboard in Resources */,
				BE7D4B1D238EC66F00048DB8 /* Assets.xcassets in Resources */,
				BE7D4B1B238EC66E00048DB8 /* Main.storyboard in Resources */,
			);
			runOnlyForDeploymentPostprocessing = 0;
		};
		BE7D4B24238EC67000048DB8 /* Resources */ = {
			isa = PBXResourcesBuildPhase;
			buildActionMask = 2147483647;
			files = (
			);
			runOnlyForDeploymentPostprocessing = 0;
		};
		BE7D4B2F238EC67000048DB8 /* Resources */ = {
			isa = PBXResourcesBuildPhase;
			buildActionMask = 2147483647;
			files = (
			);
			runOnlyForDeploymentPostprocessing = 0;
		};
/* End PBXResourcesBuildPhase section */

/* Begin PBXSourcesBuildPhase section */
		BE7D4B0E238EC66E00048DB8 /* Sources */ = {
			isa = PBXSourcesBuildPhase;
			buildActionMask = 2147483647;
			files = (
				BE7D4B18238EC66E00048DB8 /* ViewController.swift in Sources */,
				BE7D4B16238EC66E00048DB8 /* AppDelegate.swift in Sources */,
			);
			runOnlyForDeploymentPostprocessing = 0;
		};
		BE7D4B22238EC67000048DB8 /* Sources */ = {
			isa = PBXSourcesBuildPhase;
			buildActionMask = 2147483647;
			files = (
				BE7D4B2B238EC67000048DB8 /* AlamofireDemoTests.swift in Sources */,
			);
			runOnlyForDeploymentPostprocessing = 0;
		};
		BE7D4B2D238EC67000048DB8 /* Sources */ = {
			isa = PBXSourcesBuildPhase;
			buildActionMask = 2147483647;
			files = (
				BE7D4B36238EC67000048DB8 /* AlamofireDemoUITests.swift in Sources */,
			);
			runOnlyForDeploymentPostprocessing = 0;
		};
/* End PBXSourcesBuildPhase section */

/* Begin PBXTargetDependency section */
		BE7D4B28238EC67000048DB8 /* PBXTargetDependency */ = {
			isa = PBXTargetDependency;
			target = BE7D4B11238EC66E00048DB8 /* AlamofireDemo */;
			targetProxy = BE7D4B27238EC67000048DB8 /* PBXContainerItemProxy */;
		};
		BE7D4B33238EC67000048DB8 /* PBXTargetDependency */ = {
			isa = PBXTargetDependency;
			target = BE7D4B11238EC66E00048DB8 /* AlamofireDemo */;
			targetProxy = BE7D4B32238EC67000048DB8 /* PBXContainerItemProxy */;
		};
/* End PBXTargetDependency section */

/* Begin PBXVariantGroup section */
		BE7D4B19238EC66E00048DB8 /* Main.storyboard */ = {
			isa = PBXVariantGroup;
			children = (
				BE7D4B1A238EC66E00048DB8 /* Base */,
			);
			name = Main.storyboard;
			sourceTree = "<group>";
		};
		BE7D4B1E238EC66F00048DB8 /* LaunchScreen.storyboard */ = {
			isa = PBXVariantGroup;
			children = (
				BE7D4B1F238EC66F00048DB8 /* Base */,
			);
			name = LaunchScreen.storyboard;
			sourceTree = "<group>";
		};
/* End PBXVariantGroup section */

/* Begin XCBuildConfiguration section */
		BE7D4B38238EC67000048DB8 /* Debug */ = {
			isa = XCBuildConfiguration;
			buildSettings = {
				ALWAYS_SEARCH_USER_PATHS = NO;
				CLANG_ANALYZER_NONNULL = YES;
				CLANG_ANALYZER_NUMBER_OBJECT_CONVERSION = YES_AGGRESSIVE;
				CLANG_CXX_LANGUAGE_STANDARD = "gnu++14";
				CLANG_CXX_LIBRARY = "libc++";
				CLANG_ENABLE_MODULES = YES;
				CLANG_ENABLE_OBJC_ARC = YES;
				CLANG_ENABLE_OBJC_WEAK = YES;
				CLANG_WARN_BLOCK_CAPTURE_AUTORELEASING = YES;
				CLANG_WARN_BOOL_CONVERSION = YES;
				CLANG_WARN_COMMA = YES;
				CLANG_WARN_CONSTANT_CONVERSION = YES;
				CLANG_WARN_DEPRECATED_OBJC_IMPLEMENTATIONS = YES;
				CLANG_WARN_DIRECT_OBJC_ISA_USAGE = YES_ERROR;
				CLANG_WARN_DOCUMENTATION_COMMENTS = YES;
				CLANG_WARN_EMPTY_BODY = YES;
				CLANG_WARN_ENUM_CONVERSION = YES;
				CLANG_WARN_INFINITE_RECURSION = YES;
				CLANG_WARN_INT_CONVERSION = YES;
				CLANG_WARN_NON_LITERAL_NULL_CONVERSION = YES;
				CLANG_WARN_OBJC_IMPLICIT_RETAIN_SELF = YES;
				CLANG_WARN_OBJC_LITERAL_CONVERSION = YES;
				CLANG_WARN_OBJC_ROOT_CLASS = YES_ERROR;
				CLANG_WARN_RANGE_LOOP_ANALYSIS = YES;
				CLANG_WARN_STRICT_PROTOTYPES = YES;
				CLANG_WARN_SUSPICIOUS_MOVE = YES;
				CLANG_WARN_UNGUARDED_AVAILABILITY = YES_AGGRESSIVE;
				CLANG_WARN_UNREACHABLE_CODE = YES;
				CLANG_WARN__DUPLICATE_METHOD_MATCH = YES;
				CODE_SIGN_IDENTITY = "iPhone Developer";
				COPY_PHASE_STRIP = NO;
				DEBUG_INFORMATION_FORMAT = dwarf;
				ENABLE_STRICT_OBJC_MSGSEND = YES;
				ENABLE_TESTABILITY = YES;
				GCC_C_LANGUAGE_STANDARD = gnu11;
				GCC_DYNAMIC_NO_PIC = NO;
				GCC_NO_COMMON_BLOCKS = YES;
				GCC_OPTIMIZATION_LEVEL = 0;
				GCC_PREPROCESSOR_DEFINITIONS = (
					"DEBUG=1",
					"$(inherited)",
				);
				GCC_WARN_64_TO_32_BIT_CONVERSION = YES;
				GCC_WARN_ABOUT_RETURN_TYPE = YES_ERROR;
				GCC_WARN_UNDECLARED_SELECTOR = YES;
				GCC_WARN_UNINITIALIZED_AUTOS = YES_AGGRESSIVE;
				GCC_WARN_UNUSED_FUNCTION = YES;
				GCC_WARN_UNUSED_VARIABLE = YES;
				IPHONEOS_DEPLOYMENT_TARGET = 12.4;
				MTL_ENABLE_DEBUG_INFO = INCLUDE_SOURCE;
				MTL_FAST_MATH = YES;
				ONLY_ACTIVE_ARCH = YES;
				SDKROOT = iphoneos;
				SWIFT_ACTIVE_COMPILATION_CONDITIONS = DEBUG;
				SWIFT_OPTIMIZATION_LEVEL = "-Onone";
			};
			name = Debug;
		};
		BE7D4B39238EC67000048DB8 /* Release */ = {
			isa = XCBuildConfiguration;
			buildSettings = {
				ALWAYS_SEARCH_USER_PATHS = NO;
				CLANG_ANALYZER_NONNULL = YES;
				CLANG_ANALYZER_NUMBER_OBJECT_CONVERSION = YES_AGGRESSIVE;
				CLANG_CXX_LANGUAGE_STANDARD = "gnu++14";
				CLANG_CXX_LIBRARY = "libc++";
				CLANG_ENABLE_MODULES = YES;
				CLANG_ENABLE_OBJC_ARC = YES;
				CLANG_ENABLE_OBJC_WEAK = YES;
				CLANG_WARN_BLOCK_CAPTURE_AUTORELEASING = YES;
				CLANG_WARN_BOOL_CONVERSION = YES;
				CLANG_WARN_COMMA = YES;
				CLANG_WARN_CONSTANT_CONVERSION = YES;
				CLANG_WARN_DEPRECATED_OBJC_IMPLEMENTATIONS = YES;
				CLANG_WARN_DIRECT_OBJC_ISA_USAGE = YES_ERROR;
				CLANG_WARN_DOCUMENTATION_COMMENTS = YES;
				CLANG_WARN_EMPTY_BODY = YES;
				CLANG_WARN_ENUM_CONVERSION = YES;
				CLANG_WARN_INFINITE_RECURSION = YES;
				CLANG_WARN_INT_CONVERSION = YES;
				CLANG_WARN_NON_LITERAL_NULL_CONVERSION = YES;
				CLANG_WARN_OBJC_IMPLICIT_RETAIN_SELF = YES;
				CLANG_WARN_OBJC_LITERAL_CONVERSION = YES;
				CLANG_WARN_OBJC_ROOT_CLASS = YES_ERROR;
				CLANG_WARN_RANGE_LOOP_ANALYSIS = YES;
				CLANG_WARN_STRICT_PROTOTYPES = YES;
				CLANG_WARN_SUSPICIOUS_MOVE = YES;
				CLANG_WARN_UNGUARDED_AVAILABILITY = YES_AGGRESSIVE;
				CLANG_WARN_UNREACHABLE_CODE = YES;
				CLANG_WARN__DUPLICATE_METHOD_MATCH = YES;
				CODE_SIGN_IDENTITY = "iPhone Developer";
				COPY_PHASE_STRIP = NO;
				DEBUG_INFORMATION_FORMAT = "dwarf-with-dsym";
				ENABLE_NS_ASSERTIONS = NO;
				ENABLE_STRICT_OBJC_MSGSEND = YES;
				GCC_C_LANGUAGE_STANDARD = gnu11;
				GCC_NO_COMMON_BLOCKS = YES;
				GCC_WARN_64_TO_32_BIT_CONVERSION = YES;
				GCC_WARN_ABOUT_RETURN_TYPE = YES_ERROR;
				GCC_WARN_UNDECLARED_SELECTOR = YES;
				GCC_WARN_UNINITIALIZED_AUTOS = YES_AGGRESSIVE;
				GCC_WARN_UNUSED_FUNCTION = YES;
				GCC_WARN_UNUSED_VARIABLE = YES;
				IPHONEOS_DEPLOYMENT_TARGET = 12.4;
				MTL_ENABLE_DEBUG_INFO = NO;
				MTL_FAST_MATH = YES;
				SDKROOT = iphoneos;
				SWIFT_COMPILATION_MODE = wholemodule;
				SWIFT_OPTIMIZATION_LEVEL = "-O";
				VALIDATE_PRODUCT = YES;
			};
			name = Release;
		};
		BE7D4B3B238EC67000048DB8 /* Debug */ = {
			isa = XCBuildConfiguration;
			buildSettings = {
				ASSETCATALOG_COMPILER_APPICON_NAME = AppIcon;
				CODE_SIGN_STYLE = Automatic;
				DEVELOPMENT_TEAM = 257BLSQJ3A;
				INFOPLIST_FILE = AlamofireDemo/Info.plist;
				LD_RUNPATH_SEARCH_PATHS = (
					"$(inherited)",
					"@executable_path/Frameworks",
				);
				PRODUCT_BUNDLE_IDENTIFIER = rshark.AlamofireDemo;
				PRODUCT_NAME = "$(TARGET_NAME)";
				SWIFT_VERSION = 5.0;
				TARGETED_DEVICE_FAMILY = "1,2";
			};
			name = Debug;
		};
		BE7D4B3C238EC67000048DB8 /* Release */ = {
			isa = XCBuildConfiguration;
			buildSettings = {
				ASSETCATALOG_COMPILER_APPICON_NAME = AppIcon;
				CODE_SIGN_STYLE = Automatic;
				DEVELOPMENT_TEAM = 257BLSQJ3A;
				INFOPLIST_FILE = AlamofireDemo/Info.plist;
				LD_RUNPATH_SEARCH_PATHS = (
					"$(inherited)",
					"@executable_path/Frameworks",
				);
				PRODUCT_BUNDLE_IDENTIFIER = rshark.AlamofireDemo;
				PRODUCT_NAME = "$(TARGET_NAME)";
				SWIFT_VERSION = 5.0;
				TARGETED_DEVICE_FAMILY = "1,2";
			};
			name = Release;
		};
		BE7D4B3E238EC67000048DB8 /* Debug */ = {
			isa = XCBuildConfiguration;
			buildSettings = {
				ALWAYS_EMBED_SWIFT_STANDARD_LIBRARIES = YES;
				BUNDLE_LOADER = "$(TEST_HOST)";
				CODE_SIGN_STYLE = Automatic;
				DEVELOPMENT_TEAM = 257BLSQJ3A;
				INFOPLIST_FILE = AlamofireDemoTests/Info.plist;
				LD_RUNPATH_SEARCH_PATHS = (
					"$(inherited)",
					"@executable_path/Frameworks",
					"@loader_path/Frameworks",
				);
				PRODUCT_BUNDLE_IDENTIFIER = rshark.AlamofireDemoTests;
				PRODUCT_NAME = "$(TARGET_NAME)";
				SWIFT_VERSION = 5.0;
				TARGETED_DEVICE_FAMILY = "1,2";
				TEST_HOST = "$(BUILT_PRODUCTS_DIR)/AlamofireDemo.app/AlamofireDemo";
			};
			name = Debug;
		};
		BE7D4B3F238EC67000048DB8 /* Release */ = {
			isa = XCBuildConfiguration;
			buildSettings = {
				ALWAYS_EMBED_SWIFT_STANDARD_LIBRARIES = YES;
				BUNDLE_LOADER = "$(TEST_HOST)";
				CODE_SIGN_STYLE = Automatic;
				DEVELOPMENT_TEAM = 257BLSQJ3A;
				INFOPLIST_FILE = AlamofireDemoTests/Info.plist;
				LD_RUNPATH_SEARCH_PATHS = (
					"$(inherited)",
					"@executable_path/Frameworks",
					"@loader_path/Frameworks",
				);
				PRODUCT_BUNDLE_IDENTIFIER = rshark.AlamofireDemoTests;
				PRODUCT_NAME = "$(TARGET_NAME)";
				SWIFT_VERSION = 5.0;
				TARGETED_DEVICE_FAMILY = "1,2";
				TEST_HOST = "$(BUILT_PRODUCTS_DIR)/AlamofireDemo.app/AlamofireDemo";
			};
			name = Release;
		};
		BE7D4B41238EC67000048DB8 /* Debug */ = {
			isa = XCBuildConfiguration;
			buildSettings = {
				ALWAYS_EMBED_SWIFT_STANDARD_LIBRARIES = YES;
				CODE_SIGN_STYLE = Automatic;
				DEVELOPMENT_TEAM = 257BLSQJ3A;
				INFOPLIST_FILE = AlamofireDemoUITests/Info.plist;
				LD_RUNPATH_SEARCH_PATHS = (
					"$(inherited)",
					"@executable_path/Frameworks",
					"@loader_path/Frameworks",
				);
				PRODUCT_BUNDLE_IDENTIFIER = rshark.AlamofireDemoUITests;
				PRODUCT_NAME = "$(TARGET_NAME)";
				SWIFT_VERSION = 5.0;
				TARGETED_DEVICE_FAMILY = "1,2";
				TEST_TARGET_NAME = AlamofireDemo;
			};
			name = Debug;
		};
		BE7D4B42238EC67000048DB8 /* Release */ = {
			isa = XCBuildConfiguration;
			buildSettings = {
				ALWAYS_EMBED_SWIFT_STANDARD_LIBRARIES = YES;
				CODE_SIGN_STYLE = Automatic;
				DEVELOPMENT_TEAM = 257BLSQJ3A;
				INFOPLIST_FILE = AlamofireDemoUITests/Info.plist;
				LD_RUNPATH_SEARCH_PATHS = (
					"$(inherited)",
					"@executable_path/Frameworks",
					"@loader_path/Frameworks",
				);
				PRODUCT_BUNDLE_IDENTIFIER = rshark.AlamofireDemoUITests;
				PRODUCT_NAME = "$(TARGET_NAME)";
				SWIFT_VERSION = 5.0;
				TARGETED_DEVICE_FAMILY = "1,2";
				TEST_TARGET_NAME = AlamofireDemo;
			};
			name = Release;
		};
/* End XCBuildConfiguration section */

/* Begin XCConfigurationList section */
		BE7D4B0D238EC66E00048DB8 /* Build configuration list for PBXProject "AlamofireDemo" */ = {
			isa = XCConfigurationList;
			buildConfigurations = (
				BE7D4B38238EC67000048DB8 /* Debug */,
				BE7D4B39238EC67000048DB8 /* Release */,
			);
			defaultConfigurationIsVisible = 0;
			defaultConfigurationName = Release;
		};
		BE7D4B3A238EC67000048DB8 /* Build configuration list for PBXNativeTarget "AlamofireDemo" */ = {
			isa = XCConfigurationList;
			buildConfigurations = (
				BE7D4B3B238EC67000048DB8 /* Debug */,
				BE7D4B3C238EC67000048DB8 /* Release */,
			);
			defaultConfigurationIsVisible = 0;
			defaultConfigurationName = Release;
		};
		BE7D4B3D238EC67000048DB8 /* Build configuration list for PBXNativeTarget "AlamofireDemoTests" */ = {
			isa = XCConfigurationList;
			buildConfigurations = (
				BE7D4B3E238EC67000048DB8 /* Debug */,
				BE7D4B3F238EC67000048DB8 /* Release */,
			);
			defaultConfigurationIsVisible = 0;
			defaultConfigurationName = Release;
		};
		BE7D4B40238EC67000048DB8 /* Build configuration list for PBXNativeTarget "AlamofireDemoUITests" */ = {
			isa = XCConfigurationList;
			buildConfigurations = (
				BE7D4B41238EC67000048DB8 /* Debug */,
				BE7D4B42238EC67000048DB8 /* Release */,
			);
			defaultConfigurationIsVisible = 0;
			defaultConfigurationName = Release;
		};
/* End XCConfigurationList section */
	};
	rootObject = BE7D4B0A238EC66E00048DB8 /* Project object */;
}
